
Microsoft Visual Studio Solution File, Format Version 12.00
# Visual Studio Version 17
VisualStudioVersion = 17.5.33530.505
MinimumVisualStudioVersion = 10.0.40219.1
Project("{FAE04EC0-301F-11D3-BF4B-00C04F79EFBC}") = "FindYourInfluencer", "FindYourInfluencer\FindYourInfluencer.csproj", "{A8587613-1CA4-47D7-AD8A-8DE9F48F2DBA}"
EndProject
Project("{FAE04EC0-301F-11D3-BF4B-00C04F79EFBC}") = "FYI.Data.Models", "FYI.Data.Models\FYI.Data.Models.csproj", "{7A54BA9F-6995-4551-8C67-76954C529FB5}"
EndProject
Project("{FAE04EC0-301F-11D3-BF4B-00C04F79EFBC}") = "FYI.Data.Core", "FYI.Data.Core\FYI.Data.Core.csproj", "{467F39F8-AC52-42DD-ADC4-35D7A421A53B}"
EndProject
Project("{FAE04EC0-301F-11D3-BF4B-00C04F79EFBC}") = "FYI.Data.Services", "FYI.Data.Services\FYI.Data.Services.csproj", "{4D74702D-1FA1-4F31-A28E-A2DB1D65715A}"
EndProject
Project("{FAE04EC0-301F-11D3-BF4B-00C04F79EFBC}") = "FYI.Business.Models", "FYI.Business.Models\FYI.Business.Models.csproj", "{079E5A70-2CE8-4E95-89DF-D9719D319ED6}"
EndProject
Global
	GlobalSection(SolutionConfigurationPlatforms) = preSolution
		Debug|Any CPU = Debug|Any CPU
		Release|Any CPU = Release|Any CPU
	EndGlobalSection
	GlobalSection(ProjectConfigurationPlatforms) = postSolution
		{A8587613-1CA4-47D7-AD8A-8DE9F48F2DBA}.Debug|Any CPU.ActiveCfg = Debug|Any CPU
		{A8587613-1CA4-47D7-AD8A-8DE9F48F2DBA}.Debug|Any CPU.Build.0 = Debug|Any CPU
		{A8587613-1CA4-47D7-AD8A-8DE9F48F2DBA}.Release|Any CPU.ActiveCfg = Release|Any CPU
		{A8587613-1CA4-47D7-AD8A-8DE9F48F2DBA}.Release|Any CPU.Build.0 = Release|Any CPU
		{7A54BA9F-6995-4551-8C67-76954C529FB5}.Debug|Any CPU.ActiveCfg = Debug|Any CPU
		{7A54BA9F-6995-4551-8C67-76954C529FB5}.Debug|Any CPU.Build.0 = Debug|Any CPU
		{7A54BA9F-6995-4551-8C67-76954C529FB5}.Release|Any CPU.ActiveCfg = Release|Any CPU
		{7A54BA9F-6995-4551-8C67-76954C529FB5}.Release|Any CPU.Build.0 = Release|Any CPU
		{467F39F8-AC52-42DD-ADC4-35D7A421A53B}.Debug|Any CPU.ActiveCfg = Debug|Any CPU
		{467F39F8-AC52-42DD-ADC4-35D7A421A53B}.Debug|Any CPU.Build.0 = Debug|Any CPU
		{467F39F8-AC52-42DD-ADC4-35D7A421A53B}.Release|Any CPU.ActiveCfg = Release|Any CPU
		{467F39F8-AC52-42DD-ADC4-35D7A421A53B}.Release|Any CPU.Build.0 = Release|Any CPU
		{4D74702D-1FA1-4F31-A28E-A2DB1D65715A}.Debug|Any CPU.ActiveCfg = Debug|Any CPU
		{4D74702D-1FA1-4F31-A28E-A2DB1D65715A}.Debug|Any CPU.Build.0 = Debug|Any CPU
		{4D74702D-1FA1-4F31-A28E-A2DB1D65715A}.Release|Any CPU.ActiveCfg = Release|Any CPU
		{4D74702D-1FA1-4F31-A28E-A2DB1D65715A}.Release|Any CPU.Build.0 = Release|Any CPU
		{079E5A70-2CE8-4E95-89DF-D9719D319ED6}.Debug|Any CPU.ActiveCfg = Debug|Any CPU
		{079E5A70-2CE8-4E95-89DF-D9719D319ED6}.Debug|Any CPU.Build.0 = Debug|Any CPU
		{079E5A70-2CE8-4E95-89DF-D9719D319ED6}.Release|Any CPU.ActiveCfg = Release|Any CPU
		{079E5A70-2CE8-4E95-89DF-D9719D319ED6}.Release|Any CPU.Build.0 = Release|Any CPU
	EndGlobalSection
	GlobalSection(SolutionProperties) = preSolution
		HideSolutionNode = FALSE
	EndGlobalSection
	GlobalSection(ExtensibilityGlobals) = postSolution
		SolutionGuid = {EF397591-5CFC-4A04-86B8-9A7658A1B0AC}
	EndGlobalSection
EndGlobal
